
Microsoft Visual Studio Solution File, Format Version 12.00
# Visual Studio Version 16
VisualStudioVersion = 16.0.30804.86
MinimumVisualStudioVersion = 10.0.40219.1
Project("{FAE04EC0-301F-11D3-BF4B-00C04F79EFBC}") = "UsageTests", "UsageTests\UsageTests.csproj", "{BBD14B0B-0290-4697-A591-4B549ECAC1E3}"
EndProject
Project("{FAE04EC0-301F-11D3-BF4B-00C04F79EFBC}") = "NSubstitute.Equivalency", "NSubstitute.Equivalency\NSubstitute.Equivalency.csproj", "{AF241EC6-9A24-4651-8AF9-7374A30B9F17}"
EndProject
Global
	GlobalSection(SolutionConfigurationPlatforms) = preSolution
		Debug|Any CPU = Debug|Any CPU
		Release|Any CPU = Release|Any CPU
	EndGlobalSection
	GlobalSection(ProjectConfigurationPlatforms) = postSolution
		{BBD14B0B-0290-4697-A591-4B549ECAC1E3}.Debug|Any CPU.ActiveCfg = Debug|Any CPU
		{BBD14B0B-0290-4697-A591-4B549ECAC1E3}.Debug|Any CPU.Build.0 = Debug|Any CPU
		{BBD14B0B-0290-4697-A591-4B549ECAC1E3}.Release|Any CPU.ActiveCfg = Release|Any CPU
		{BBD14B0B-0290-4697-A591-4B549ECAC1E3}.Release|Any CPU.Build.0 = Release|Any CPU
		{AF241EC6-9A24-4651-8AF9-7374A30B9F17}.Debug|Any CPU.ActiveCfg = Debug|Any CPU
		{AF241EC6-9A24-4651-8AF9-7374A30B9F17}.Debug|Any CPU.Build.0 = Debug|Any CPU
		{AF241EC6-9A24-4651-8AF9-7374A30B9F17}.Release|Any CPU.ActiveCfg = Release|Any CPU
		{AF241EC6-9A24-4651-8AF9-7374A30B9F17}.Release|Any CPU.Build.0 = Release|Any CPU
	EndGlobalSection
	GlobalSection(SolutionProperties) = preSolution
		HideSolutionNode = FALSE
	EndGlobalSection
	GlobalSection(ExtensibilityGlobals) = postSolution
		SolutionGuid = {B57041FF-E4F7-4AB6-B8D4-6653AEADACBA}
	EndGlobalSection
EndGlobal
